
Microsoft Visual Studio Solution File, Format Version 12.00
# Visual Studio Version 16
VisualStudioVersion = 16.0.31624.102
MinimumVisualStudioVersion = 10.0.40219.1
Project("{9A19103F-16F7-4668-BE54-9A1E7A4F7556}") = "ProjectManagement.Infrastructure", "ProjectManagement.Infrastructure\ProjectManagement.Infrastructure.csproj", "{F68DAF6A-7D3B-4405-8A1C-3A61B611DBEF}"
EndProject
Project("{9A19103F-16F7-4668-BE54-9A1E7A4F7556}") = "ProjectManagement.Common", "ProjectManagement.Common\ProjectManagement.Common.csproj", "{A2E6F556-3B1D-4709-AC5D-0E001A07EDE4}"
EndProject
Project("{9A19103F-16F7-4668-BE54-9A1E7A4F7556}") = "ProjectManagement.API", "ProjectManagement.API\ProjectManagement.API.csproj", "{1119EBCB-036D-4A3E-B53B-94E19854AA27}"
EndProject
Global
	GlobalSection(SolutionConfigurationPlatforms) = preSolution
		Debug|Any CPU = Debug|Any CPU
		Release|Any CPU = Release|Any CPU
	EndGlobalSection
	GlobalSection(ProjectConfigurationPlatforms) = postSolution
		{F68DAF6A-7D3B-4405-8A1C-3A61B611DBEF}.Debug|Any CPU.ActiveCfg = Debug|Any CPU
		{F68DAF6A-7D3B-4405-8A1C-3A61B611DBEF}.Debug|Any CPU.Build.0 = Debug|Any CPU
		{F68DAF6A-7D3B-4405-8A1C-3A61B611DBEF}.Release|Any CPU.ActiveCfg = Release|Any CPU
		{F68DAF6A-7D3B-4405-8A1C-3A61B611DBEF}.Release|Any CPU.Build.0 = Release|Any CPU
		{A2E6F556-3B1D-4709-AC5D-0E001A07EDE4}.Debug|Any CPU.ActiveCfg = Debug|Any CPU
		{A2E6F556-3B1D-4709-AC5D-0E001A07EDE4}.Debug|Any CPU.Build.0 = Debug|Any CPU
		{A2E6F556-3B1D-4709-AC5D-0E001A07EDE4}.Release|Any CPU.ActiveCfg = Release|Any CPU
		{A2E6F556-3B1D-4709-AC5D-0E001A07EDE4}.Release|Any CPU.Build.0 = Release|Any CPU
		{1119EBCB-036D-4A3E-B53B-94E19854AA27}.Debug|Any CPU.ActiveCfg = Debug|Any CPU
		{1119EBCB-036D-4A3E-B53B-94E19854AA27}.Debug|Any CPU.Build.0 = Debug|Any CPU
		{1119EBCB-036D-4A3E-B53B-94E19854AA27}.Release|Any CPU.ActiveCfg = Release|Any CPU
		{1119EBCB-036D-4A3E-B53B-94E19854AA27}.Release|Any CPU.Build.0 = Release|Any CPU
	EndGlobalSection
	GlobalSection(SolutionProperties) = preSolution
		HideSolutionNode = FALSE
	EndGlobalSection
	GlobalSection(ExtensibilityGlobals) = postSolution
		SolutionGuid = {55BF2A1C-A52D-4796-9C44-C9F8FA7BDE0A}
	EndGlobalSection
EndGlobal
